
Microsoft Visual Studio Solution File, Format Version 12.00
# Visual Studio Version 16
VisualStudioVersion = 16.0.34601.136
MinimumVisualStudioVersion = 10.0.40219.1
Project("{FAE04EC0-301F-11D3-BF4B-00C04F79EFBC}") = "Atividade01", "Atividade01\Atividade01.csproj", "{0E8F4958-8BDA-4FBE-8961-F7FD6009FC3B}"
EndProject
Global
	GlobalSection(SolutionConfigurationPlatforms) = preSolution
		Debug|Any CPU = Debug|Any CPU
		Release|Any CPU = Release|Any CPU
	EndGlobalSection
	GlobalSection(ProjectConfigurationPlatforms) = postSolution
		{0E8F4958-8BDA-4FBE-8961-F7FD6009FC3B}.Debug|Any CPU.ActiveCfg = Debug|Any CPU
		{0E8F4958-8BDA-4FBE-8961-F7FD6009FC3B}.Debug|Any CPU.Build.0 = Debug|Any CPU
		{0E8F4958-8BDA-4FBE-8961-F7FD6009FC3B}.Release|Any CPU.ActiveCfg = Release|Any CPU
		{0E8F4958-8BDA-4FBE-8961-F7FD6009FC3B}.Release|Any CPU.Build.0 = Release|Any CPU
	EndGlobalSection
	GlobalSection(SolutionProperties) = preSolution
		HideSolutionNode = FALSE
	EndGlobalSection
	GlobalSection(ExtensibilityGlobals) = postSolution
		SolutionGuid = {B470F5FF-0F92-4A99-8716-B745BF8011D0}
	EndGlobalSection
EndGlobal
